
Microsoft Visual Studio Solution File, Format Version 12.00
# Visual Studio Version 17
VisualStudioVersion = 17.9.34616.47
MinimumVisualStudioVersion = 10.0.40219.1
Project("{FAE04EC0-301F-11D3-BF4B-00C04F79EFBC}") = "Internet_Tehnologii_Lab1_222015", "Internet_Tehnologii_Lab1_222015\Internet_Tehnologii_Lab1_222015.csproj", "{8D4A1710-02F4-486B-B948-A0F251366612}"
EndProject
Global
	GlobalSection(SolutionConfigurationPlatforms) = preSolution
		Debug|Any CPU = Debug|Any CPU
		Release|Any CPU = Release|Any CPU
	EndGlobalSection
	GlobalSection(ProjectConfigurationPlatforms) = postSolution
		{8D4A1710-02F4-486B-B948-A0F251366612}.Debug|Any CPU.ActiveCfg = Debug|Any CPU
		{8D4A1710-02F4-486B-B948-A0F251366612}.Debug|Any CPU.Build.0 = Debug|Any CPU
		{8D4A1710-02F4-486B-B948-A0F251366612}.Release|Any CPU.ActiveCfg = Release|Any CPU
		{8D4A1710-02F4-486B-B948-A0F251366612}.Release|Any CPU.Build.0 = Release|Any CPU
	EndGlobalSection
	GlobalSection(SolutionProperties) = preSolution
		HideSolutionNode = FALSE
	EndGlobalSection
	GlobalSection(ExtensibilityGlobals) = postSolution
		SolutionGuid = {04E5D3C2-E1AF-4CE3-BFD6-F9830C90380B}
	EndGlobalSection
EndGlobal
