
Microsoft Visual Studio Solution File, Format Version 12.00
# Visual Studio Version 17
VisualStudioVersion = 17.9.34616.47
MinimumVisualStudioVersion = 10.0.40219.1
Project("{FAE04EC0-301F-11D3-BF4B-00C04F79EFBC}") = "Internet_Tehnologii_Lab3_222015", "Internet_Tehnologii_Lab3_222015\Internet_Tehnologii_Lab3_222015.csproj", "{1A60528B-07E9-439C-BC43-4098B3961401}"
EndProject
Global
	GlobalSection(SolutionConfigurationPlatforms) = preSolution
		Debug|Any CPU = Debug|Any CPU
		Release|Any CPU = Release|Any CPU
	EndGlobalSection
	GlobalSection(ProjectConfigurationPlatforms) = postSolution
		{1A60528B-07E9-439C-BC43-4098B3961401}.Debug|Any CPU.ActiveCfg = Debug|Any CPU
		{1A60528B-07E9-439C-BC43-4098B3961401}.Debug|Any CPU.Build.0 = Debug|Any CPU
		{1A60528B-07E9-439C-BC43-4098B3961401}.Release|Any CPU.ActiveCfg = Release|Any CPU
		{1A60528B-07E9-439C-BC43-4098B3961401}.Release|Any CPU.Build.0 = Release|Any CPU
	EndGlobalSection
	GlobalSection(SolutionProperties) = preSolution
		HideSolutionNode = FALSE
	EndGlobalSection
	GlobalSection(ExtensibilityGlobals) = postSolution
		SolutionGuid = {8D345260-1EB1-42EA-8F0E-13080A8C0EA0}
	EndGlobalSection
EndGlobal
